lockfileVersion: '9.0'

settings:
  autoInstallPeers: false
  excludeLinksFromLockfile: false

importers:

  .:
    dependencies:
      '@udecode/plate-ui-table':
        specifier: ^18.13.0
        version: 18.15.0
      '@udecode/plate-ui-toolbar':
        specifier: ^18.13.0
        version: 18.15.0

packages:

  '@babel/runtime@7.25.6':
    resolution: {integrity: sha512-VBj9MYyDb9tuLq7yzqjgzt6Q+IBQLrGZfdjOekyEirZPHxXWoTSGUTMrpsfi58Up73d13NfYLv8HT9vmznjzhQ==}
    engines: {node: '>=6.9.0'}

  '@floating-ui/core@0.7.3':
    resolution: {integrity: sha512-buc8BXHmG9l82+OQXOFU3Kr2XQx9ys01U/Q9HMIrZ300iLc8HLMgh7dcCqgYzAzf4BkoQvDcXf5Y+CuEZ5JBYg==}

  '@floating-ui/dom@0.5.4':
    resolution: {integrity: sha512-419BMceRLq0RrmTSDxn8hf9R3VCJv2K9PUfugh5JyEFmdjzDo+e8U5EdR8nzKq8Yj1htzLm3b6eQEEam3/rrtg==}

  '@floating-ui/react-dom-interactions@0.6.6':
    resolution: {integrity: sha512-qnao6UPjSZNHnXrF+u4/n92qVroQkx0Umlhy3Avk1oIebm/5ee6yvDm4xbHob0OjY7ya8WmUnV3rQlPwX3Atwg==}
    deprecated: Package renamed to @floating-ui/react
    peerDependencies:
      react: '>=16.8.0'
      react-dom: '>=16.8.0'

  '@floating-ui/react-dom@0.7.2':
    resolution: {integrity: sha512-1T0sJcpHgX/u4I1OzIEhlcrvkUN8ln39nz7fMoE/2HDHrPiMFoOGR7++GYyfUmIQHkkrTinaeQsO3XWubjSvGg==}
    peerDependencies:
      react: '>=16.8.0'
      react-dom: '>=16.8.0'

  '@jridgewell/sourcemap-codec@1.5.0':
    resolution: {integrity: sha512-gv3ZRaISU3fjPAgNsriBRqGWQL6quFx04YMPW/zD8XMLsU32mhCCbfbO6KZFLjvYpCZ8zyDEgqsgf+PwPaM7GQ==}

  '@popperjs/core@2.11.8':
    resolution: {integrity: sha512-P1st0aksCrn9sGZhp8GMYwBnQsbvAWsZAX44oXNNvLHGqAOcoVxmjZiohstwQ7SqKnbR47akdNi+uleWD8+g6A==}

  '@radix-ui/react-compose-refs@1.1.0':
    resolution: {integrity: sha512-b4inOtiaOnYf9KWyO3jAeeCG6FeyfY6ldiEPanbUjWd+xIk5wZeHa8yVwmrJ2vderhu/BQvzCrJI0lHd+wIiqw==}
    peerDependencies:
      '@types/react': '*'
      react: ^16.8 || ^17.0 || ^18.0 || ^19.0 || ^19.0.0-rc
    peerDependenciesMeta:
      '@types/react':
        optional: true

  '@radix-ui/react-slot@1.1.0':
    resolution: {integrity: sha512-FUCf5XMfmW4dtYl69pdS4DbxKy8nj4M7SafBgPllysxmdachynNflAdp/gCsnYWNDnge6tI9onzMp5ARYc1KNw==}
    peerDependencies:
      '@types/react': '*'
      react: ^16.8 || ^17.0 || ^18.0 || ^19.0 || ^19.0.0-rc
    peerDependenciesMeta:
      '@types/react':
        optional: true

  '@tippyjs/react@4.2.6':
    resolution: {integrity: sha512-91RicDR+H7oDSyPycI13q3b7o4O60wa2oRbjlz2fyRLmHImc4vyDwuUP8NtZaN0VARJY5hybvDYrFzhY9+Lbyw==}
    peerDependencies:
      react: '>=16.8'
      react-dom: '>=16.8'

  '@types/js-cookie@2.2.7':
    resolution: {integrity: sha512-aLkWa0C0vO5b4Sr798E26QgOkss68Un0bLjs7u9qxzPT5CG+8DuNTffWES58YzJs3hrVAOs1wonycqEBqNJubA==}

  '@udecode/plate-button@18.15.0':
    resolution: {integrity: sha512-jN4OEXegWzS0l7rR5DrSGzSwwbtPdNXMiHOL55x9DxertsaiM+j6ADn1R0AuHEYFJsgqt1Bv7FYxfSRB0lZdew==}
    peerDependencies:
      react: '>=16.8.0'
      react-dom: '>=16.8.0'
      slate: '>=0.78.0'
      slate-history: '>=0.66.0'
      slate-react: '>=0.79.0'

  '@udecode/plate-core@18.15.0':
    resolution: {integrity: sha512-YncMwlTC5Bn1a5F1rg1mc2eZvOBHa2swdtqmDhnNaStSPu/isIMqCRTbUcWYHtnBbQpNYC3Ul4HegbK63mgjoA==}
    peerDependencies:
      react: '>=16.8.0'
      react-dom: '>=16.8.0'
      slate: '>=0.78.0'
      slate-history: '>=0.66.0'
      slate-react: '>=0.79.0'

  '@udecode/plate-floating@18.15.0':
    resolution: {integrity: sha512-flUifphul7oadq/BVehpvou8CsnZyB/FJGx4epz00JSQoy+gGjezp+K2nsNOh/2KKsri6rcvzWBAmSqQwM+Rvg==}
    peerDependencies:
      react: '>=16.8.0'
      react-dom: '>=16.8.0'
      slate: '>=0.78.0'
      slate-history: '>=0.66.0'
      slate-react: '>=0.79.0'

  '@udecode/plate-styled-components@18.15.0':
    resolution: {integrity: sha512-i5Za0TPzfnnQurAyjtv1/Y/kKtrY8FI6+iu6ZKvRWei/QB/CPfO/DNMomPrMkLW9MGwq8VVeQksKTt2sG6e3wA==}
    peerDependencies:
      react: '>=16.8.0'
      react-dom: '>=16.8.0'
      react-is: '>=16.8.0'
      slate: '>=0.78.0'
      slate-history: '>=0.66.0'
      slate-react: '>=0.79.0'
      styled-components: '>=5.0.0'

  '@udecode/plate-table@18.15.0':
    resolution: {integrity: sha512-sHrRTx5pGMamwLCRwXTDEmZJUTBX/EtXGGM8yoigo7vPY56ARNKrsp/9iNBdfVGMkWHaYYmwqpVdUJUq82b4OA==}
    peerDependencies:
      react: '>=16.8.0'
      react-dom: '>=16.8.0'
      slate: '>=0.78.0'
      slate-history: '>=0.66.0'
      slate-react: '>=0.79.0'

  '@udecode/plate-ui-button@18.15.0':
    resolution: {integrity: sha512-YgUbw+OuCprT/xWRJRZu1EAmNfhs+hZ+8QhPP3RM/HOvi4J21Pl1cezLCYWn+8xX6CQ2IGRzQntEjcNcAsl4AQ==}
    peerDependencies:
      react: '>=16.8.0'
      react-dom: '>=16.8.0'
      slate: '>=0.78.0'
      slate-history: '>=0.66.0'
      slate-react: '>=0.79.0'
      styled-components: '>=5.0.0'

  '@udecode/plate-ui-table@18.15.0':
    resolution: {integrity: sha512-p2ScaYIBJNlVc9SPUQxBxOcVNoDzGr9rNbmFvQ69zPQy0eg4sHA0vqOHbrEcm/Evic680CufN/tlXTUbTkqXYw==}
    peerDependencies:
      react: '>=16.8.0'
      react-dom: '>=16.8.0'
      slate: '>=0.78.0'
      slate-history: '>=0.66.0'
      slate-react: '>=0.79.0'
      styled-components: '>=5.0.0'

  '@udecode/plate-ui-toolbar@18.15.0':
    resolution: {integrity: sha512-RP55xIon3p2cqXtVF9gbsuZKQwo1YixS8By0M9QkfqFJv6g4bLvDaUnTz9ZFQmJRr4sibNA2Tx1hMUoeLznlnQ==}
    peerDependencies:
      react: '>=16.8.0'
      react-dom: '>=16.8.0'
      slate: '>=0.78.0'
      slate-history: '>=0.66.0'
      slate-react: '>=0.79.0'
      styled-components: '>=5.0.0'

  '@udecode/zustood@1.1.3':
    resolution: {integrity: sha512-f3mxHDaOF+q2XvDh/mMvLhCNs0LfCLhIBl8jGmvZT/i3WWq7YujzGXgnbK8mxIkun9irfe6wlPhg9sTIB9Gnug==}
    peerDependencies:
      zustand: '>=3.5.10'

  '@xobotyi/scrollbar-width@1.9.5':
    resolution: {integrity: sha512-N8tkAACJx2ww8vFMneJmaAgmjAG1tnVBZJRLRcx061tmsLRZHSEZSLuGWnwPtunsSLvSqXQ2wfp7Mgqg1I+2dQ==}

  aria-hidden@1.2.4:
    resolution: {integrity: sha512-y+CcFFwelSXpLZk/7fMB2mUbGtX9lKycf1MWJ7CaTIERyitVlyQx6C+sxcROU2BAJ24OiZyK+8wj2i8AlBoS3A==}
    engines: {node: '>=10'}

  clsx@1.2.1:
    resolution: {integrity: sha512-EcR6r5a8bj6pu3ycsa/E/cKVGuTgZJZdsyUYHOksG/UHIiKfjxzRxYJpyVBwYaQeOvghal9fcc4PidlgzugAQg==}
    engines: {node: '>=6'}

  copy-to-clipboard@3.3.3:
    resolution: {integrity: sha512-2KV8NhB5JqC3ky0r9PMCAZKbUHSwtEo4CwCs0KXgruG43gX5PMqDEBbVU4OUzw2MuAWUfsuFmWvEKG5QRfSnJA==}

  css-in-js-utils@3.1.0:
    resolution: {integrity: sha512-fJAcud6B3rRu+KHYk+Bwf+WFL2MDCJJ1XG9x137tJQ0xYxor7XziQtuGFbWNdqrvF4Tk26O3H73nfVqXt/fW1A==}

  css-tree@1.1.3:
    resolution: {integrity: sha512-tRpdppF7TRazZrjJ6v3stzv93qxRcSsFmW6cX0Zm2NVKpxE1WV1HblnghVv9TreireHkqI/VDEsfolRF1p6y7Q==}
    engines: {node: '>=8.0.0'}

  csstype@3.1.3:
    resolution: {integrity: sha512-M1uQkMl8rQK/szD0LNhtqxIPLpimGm8sOBwU7lLnCpSbTyY3yeU1Vc7l4KT5zT4s/yOxHH5O7tIuuLOCnLADRw==}

  dequal@2.0.3:
    resolution: {integrity: sha512-0je+qPKHEMohvfRTCEo3CrPG6cAzAYgmzKyxRiYSSDkS6eGJdyVJm7WaYA5ECaAD9wLB2T4EEeymA5aFVcYXCA==}
    engines: {node: '>=6'}

  error-stack-parser@2.1.4:
    resolution: {integrity: sha512-Sk5V6wVazPhq5MhpO+AUxJn5x7XSXGl1R93Vn7i+zS15KDVxQijejNCrz8340/2bgLBjR9GtEG8ZVKONDjcqGQ==}

  fast-deep-equal@3.1.3:
    resolution: {integrity: sha512-f3qQ9oQy9j2AhBe/H9VC91wLmKBCCU/gDOnKNAYG5hswO7BLKj09Hc5HYNz9cGI++xlpDCIgDaitVs03ATR84Q==}

  fast-shallow-equal@1.0.0:
    resolution: {integrity: sha512-HPtaa38cPgWvaCFmRNhlc6NG7pv6NUHqjPgVAkWGoB9mQMwYB27/K0CvOM5Czy+qpT3e8XJ6Q4aPAnzpNpzNaw==}

  fastest-stable-stringify@2.0.2:
    resolution: {integrity: sha512-bijHueCGd0LqqNK9b5oCMHc0MluJAx0cwqASgbWMvkO01lCYgIhacVRLcaDz3QnyYIRNJRDwMb41VuT6pHJ91Q==}

  hotkeys-js@3.9.4:
    resolution: {integrity: sha512-2zuLt85Ta+gIyvs4N88pCYskNrxf1TFv3LR9t5mdAZIX8BcgQQ48F2opUptvHa6m8zsy5v/a0i9mWzTrlNWU0Q==}

  hyphenate-style-name@1.1.0:
    resolution: {integrity: sha512-WDC/ui2VVRrz3jOVi+XtjqkDjiVjTtFaAGiW37k6b+ohyQ5wYDOGkvCZa8+H0nx3gyvv0+BST9xuOgIyGQ00gw==}

  immer@9.0.21:
    resolution: {integrity: sha512-bc4NBHqOqSfRW7POMkHd51LvClaeMXpm8dx0e8oE2GORbq5aRK7Bxl4FyzVLdGtLmvLKL7BTDBG5ACQm4HWjTA==}

  inline-style-prefixer@7.0.1:
    resolution: {integrity: sha512-lhYo5qNTQp3EvSSp3sRvXMbVQTLrvGV6DycRMJ5dm2BLMiJ30wpXKdDdgX+GmJZ5uQMucwRKHamXSst3Sj/Giw==}

  jotai@1.13.1:
    resolution: {integrity: sha512-RUmH1S4vLsG3V6fbGlKzGJnLrDcC/HNb5gH2AeA9DzuJknoVxSGvvg8OBB7lke+gDc4oXmdVsaKn/xDUhWZ0vw==}
    engines: {node: '>=12.20.0'}
    peerDependencies:
      '@babel/core': '*'
      '@babel/template': '*'
      jotai-devtools: '*'
      jotai-immer: '*'
      jotai-optics: '*'
      jotai-redux: '*'
      jotai-tanstack-query: '*'
      jotai-urql: '*'
      jotai-valtio: '*'
      jotai-xstate: '*'
      jotai-zustand: '*'
      react: '>=16.8'
    peerDependenciesMeta:
      '@babel/core':
        optional: true
      '@babel/template':
        optional: true
      jotai-devtools:
        optional: true
      jotai-immer:
        optional: true
      jotai-optics:
        optional: true
      jotai-redux:
        optional: true
      jotai-tanstack-query:
        optional: true
      jotai-urql:
        optional: true
      jotai-valtio:
        optional: true
      jotai-xstate:
        optional: true
      jotai-zustand:
        optional: true

  js-cookie@2.2.1:
    resolution: {integrity: sha512-HvdH2LzI/EAZcUwA8+0nKNtWHqS+ZmijLA30RwZA0bo7ToCckjK5MkGhjED9KoRcXO6BaGI3I9UIzSA1FKFPOQ==}

  lodash@4.17.21:
    resolution: {integrity: sha512-v2kDEe57lecTulaDIuNTPy3Ry4gLGJ6Z1O3vE1krgXZNrsQ+LFTGHVxVjcXPs17LhbZVGedAJv8XZ1tvj5FvSg==}

  mdn-data@2.0.14:
    resolution: {integrity: sha512-dn6wd0uw5GsdswPFfsgMp5NSB0/aDe6fK94YJV/AJDYXL6HVLWBsxeq7js7Ad+mU2K9LAlwpk6kN2D5mwCPVow==}

  nano-css@5.6.2:
    resolution: {integrity: sha512-+6bHaC8dSDGALM1HJjOHVXpuastdu2xFoZlC77Jh4cg+33Zcgm+Gxd+1xsnpZK14eyHObSp82+ll5y3SX75liw==}
    peerDependencies:
      react: '*'
      react-dom: '*'

  nanoid@3.3.7:
    resolution: {integrity: sha512-eSRppjcPIatRIMC1U6UngP8XFcz8MQWGQdt1MTBQ7NaAmvXDfvNxbvWV3x2y6CdEUciCSsDHDQZbhYaB8QEo2g==}
    engines: {node: ^10 || ^12 || ^13.7 || ^14 || >=15.0.1}
    hasBin: true

  proxy-compare@2.6.0:
    resolution: {integrity: sha512-8xuCeM3l8yqdmbPoYeLbrAXCBWu19XEYc5/F28f5qOaoAIMyfmBUkl5axiK+x9olUvRlcekvnm98AP9RDngOIw==}

  re-resizable@6.9.18:
    resolution: {integrity: sha512-4RgEES1iizvpaNtvcJz2fUOw5efuK5Jaix3+nY4yQvI6pxKKkFaoKZB1KtiXd8hawR2BGdcoJFS4NGDPketAYQ==}
    peerDependencies:
      react: ^16.13.1 || ^17.0.0 || ^18.0.0
      react-dom: ^16.13.1 || ^17.0.0 || ^18.0.0

  react-hotkeys-hook@3.4.7:
    resolution: {integrity: sha512-+bbPmhPAl6ns9VkXkNNyxlmCAIyDAcWbB76O4I0ntr3uWCRuIQf/aRLartUahe9chVMPj+OEzzfk3CQSjclUEQ==}
    peerDependencies:
      react: '>=16.8.1'
      react-dom: '>=16.8.1'

  react-tracked@1.7.14:
    resolution: {integrity: sha512-6UMlgQeRAGA+uyYzuQGm7kZB6ZQYFhc7sntgP7Oxwwd6M0Ud/POyb4K3QWT1eXvoifSa80nrAWnXWFGpOvbwkw==}
    peerDependencies:
      react: '>=16.8.0'
      react-dom: '*'
      react-native: '*'
      scheduler: '>=0.19.0'
    peerDependenciesMeta:
      react-dom:
        optional: true
      react-native:
        optional: true

  react-universal-interface@0.6.2:
    resolution: {integrity: sha512-dg8yXdcQmvgR13RIlZbTRQOoUrDciFVoSBZILwjE2LFISxZZ8loVJKAkuzswl5js8BHda79bIb2b84ehU8IjXw==}
    peerDependencies:
      react: '*'
      tslib: '*'

  react-use@17.5.1:
    resolution: {integrity: sha512-LG/uPEVRflLWMwi3j/sZqR00nF6JGqTTDblkXK2nzXsIvij06hXl1V/MZIlwj1OKIQUtlh1l9jK8gLsRyCQxMg==}
    peerDependencies:
      react: '*'
      react-dom: '*'

  regenerator-runtime@0.14.1:
    resolution: {integrity: sha512-dYnhHh0nJoMfnkZs6GmmhFknAGRrLznOu5nc9ML+EJxGvrx6H7teuevqVqCuPcPK//3eDrrjQhehXVx9cnkGdw==}

  resize-observer-polyfill@1.5.1:
    resolution: {integrity: sha512-LwZrotdHOo12nQuZlHEmtuXdqGoOD0OhaxopaNFxWzInpEgaLWoVuAMbTzixuosCx2nEG58ngzW3vxdWoxIgdg==}

  rtl-css-js@1.16.1:
    resolution: {integrity: sha512-lRQgou1mu19e+Ya0LsTvKrVJ5TYUbqCVPAiImX3UfLTenarvPUl1QFdvu5Z3PYmHT9RCcwIfbjRQBntExyj3Zg==}

  screenfull@5.2.0:
    resolution: {integrity: sha512-9BakfsO2aUQN2K9Fdbj87RJIEZ82Q9IGim7FqM5OsebfoFC6ZHXgDq/KvniuLTPdeM8wY2o6Dj3WQ7KeQCj3cA==}
    engines: {node: '>=0.10.0'}

  set-harmonic-interval@1.0.1:
    resolution: {integrity: sha512-AhICkFV84tBP1aWqPwLZqFvAwqEoVA9kxNMniGEUvzOlm4vLmOFLiTT3UZ6bziJTy4bOVpzWGTfSCbmaayGx8g==}
    engines: {node: '>=6.9'}

  source-map@0.5.6:
    resolution: {integrity: sha512-MjZkVp0NHr5+TPihLcadqnlVoGIoWo4IBHptutGh9wI3ttUYvCG26HkSuDi+K6lsZ25syXJXcctwgyVCt//xqA==}
    engines: {node: '>=0.10.0'}

  source-map@0.6.1:
    resolution: {integrity: sha512-UjgapumWlbMhkBgzT7Ykc5YXUT46F0iKu8SGXq0bcwP5dz/h0Plj6enJqjz1Zbq2l5WaqYnrVbwWOWMyF3F47g==}
    engines: {node: '>=0.10.0'}

  stack-generator@2.0.10:
    resolution: {integrity: sha512-mwnua/hkqM6pF4k8SnmZ2zfETsRUpWXREfA/goT8SLCV4iOFa4bzOX2nDipWAZFPTjLvQB82f5yaodMVhK0yJQ==}

  stackframe@1.3.4:
    resolution: {integrity: sha512-oeVtt7eWQS+Na6F//S4kJ2K2VbRlS9D43mAlMyVpVWovy9o+jfgH8O9agzANzaiLjclA0oYzUXEM4PurhSUChw==}

  stacktrace-gps@3.1.2:
    resolution: {integrity: sha512-GcUgbO4Jsqqg6RxfyTHFiPxdPqF+3LFmQhm7MgCuYQOYuWyqxo5pwRPz5d/u6/WYJdEnWfK4r+jGbyD8TSggXQ==}

  stacktrace-js@2.0.2:
    resolution: {integrity: sha512-Je5vBeY4S1r/RnLydLl0TBTi3F2qdfWmYsGvtfZgEI+SCprPppaIhQf5nGcal4gI4cGpCV/duLcAzT1np6sQqg==}

  stylis@4.3.4:
    resolution: {integrity: sha512-osIBl6BGUmSfDkyH2mB7EFvCJntXDrLhKjHTRj/rK6xLH0yuPrHULDRQzKokSOD4VoorhtKpfcfW1GAntu8now==}

  throttle-debounce@3.0.1:
    resolution: {integrity: sha512-dTEWWNu6JmeVXY0ZYoPuH5cRIwc0MeGbJwah9KUNYSJwommQpCzTySTpEe8Gs1J23aeWEuAobe4Ag7EHVt/LOg==}
    engines: {node: '>=10'}

  tippy.js@6.3.7:
    resolution: {integrity: sha512-E1d3oP2emgJ9dRQZdf3Kkn0qJgI6ZLpyS5z6ZkY1DF3kaQaBsGZsndEpHwx+eC+tYM41HaSNvNtLx8tU57FzTQ==}

  toggle-selection@1.0.6:
    resolution: {integrity: sha512-BiZS+C1OS8g/q2RRbJmy59xpyghNBqrr6k5L/uKBGRsTfxmu3ffiRnd8mlGPUVayg8pvfi5urfnu8TU7DVOkLQ==}

  ts-easing@0.2.0:
    resolution: {integrity: sha512-Z86EW+fFFh/IFB1fqQ3/+7Zpf9t2ebOAxNI/V6Wo7r5gqiqtxmgTlQ1qbqQcjLKYeSHPTsEmvlJUDg/EuL0uHQ==}

  tslib@2.7.0:
    resolution: {integrity: sha512-gLXCKdN1/j47AiHiOkJN69hJmcbGTHI0ImLmbYLHykhgeN0jVGola9yVjFgzCUklsZQMW55o+dW7IXv3RCXDzA==}

  use-context-selector@1.4.4:
    resolution: {integrity: sha512-pS790zwGxxe59GoBha3QYOwk8AFGp4DN6DOtH+eoqVmgBBRXVx4IlPDhJmmMiNQAgUaLlP+58aqRC3A4rdaSjg==}
    peerDependencies:
      react: '>=16.8.0'
      react-dom: '*'
      react-native: '*'
      scheduler: '>=0.19.0'
    peerDependenciesMeta:
      react-dom:
        optional: true
      react-native:
        optional: true

  use-deep-compare@1.3.0:
    resolution: {integrity: sha512-94iG+dEdEP/Sl3WWde+w9StIunlV8Dgj+vkt5wTwMoFQLaijiEZSXXy8KtcStpmEDtIptRJiNeD4ACTtVvnIKA==}
    peerDependencies:
      react: '>=16.8.0'

  use-isomorphic-layout-effect@1.1.2:
    resolution: {integrity: sha512-49L8yCO3iGT/ZF9QttjwLF/ZD9Iwto5LnH5LmEdk/6cFmXddqi2ulF0edxTwjj+7mqvpVVGQWvbXZdn32wRSHA==}
    peerDependencies:
      '@types/react': '*'
      react: ^16.8.0 || ^17.0.0 || ^18.0.0
    peerDependenciesMeta:
      '@types/react':
        optional: true

  zustand@3.7.2:
    resolution: {integrity: sha512-PIJDIZKtokhof+9+60cpockVOq05sJzHCriyvaLBmEJixseQ1a5Kdov6fWZfWOu5SK9c+FhH1jU0tntLxRJYMA==}
    engines: {node: '>=12.7.0'}
    peerDependencies:
      react: '>=16.8'
    peerDependenciesMeta:
      react:
        optional: true

snapshots:

  '@babel/runtime@7.25.6':
    dependencies:
      regenerator-runtime: 0.14.1

  '@floating-ui/core@0.7.3': {}

  '@floating-ui/dom@0.5.4':
    dependencies:
      '@floating-ui/core': 0.7.3

  '@floating-ui/react-dom-interactions@0.6.6':
    dependencies:
      '@floating-ui/react-dom': 0.7.2
      aria-hidden: 1.2.4
      use-isomorphic-layout-effect: 1.1.2
    transitivePeerDependencies:
      - '@types/react'

  '@floating-ui/react-dom@0.7.2':
    dependencies:
      '@floating-ui/dom': 0.5.4
      use-isomorphic-layout-effect: 1.1.2
    transitivePeerDependencies:
      - '@types/react'

  '@jridgewell/sourcemap-codec@1.5.0': {}

  '@popperjs/core@2.11.8': {}

  '@radix-ui/react-compose-refs@1.1.0': {}

  '@radix-ui/react-slot@1.1.0':
    dependencies:
      '@radix-ui/react-compose-refs': 1.1.0

  '@tippyjs/react@4.2.6':
    dependencies:
      tippy.js: 6.3.7

  '@types/js-cookie@2.2.7': {}

  '@udecode/plate-button@18.15.0':
    dependencies:
      '@udecode/plate-core': 18.15.0
    transitivePeerDependencies:
      - '@babel/core'
      - '@babel/template'
      - '@types/react'
      - jotai-devtools
      - jotai-immer
      - jotai-optics
      - jotai-redux
      - jotai-tanstack-query
      - jotai-urql
      - jotai-valtio
      - jotai-xstate
      - jotai-zustand
      - react-native
      - scheduler

  '@udecode/plate-core@18.15.0':
    dependencies:
      '@radix-ui/react-slot': 1.1.0
      '@udecode/zustood': 1.1.3(zustand@3.7.2)
      clsx: 1.2.1
      jotai: 1.13.1
      lodash: 4.17.21
      nanoid: 3.3.7
      react-hotkeys-hook: 3.4.7
      use-deep-compare: 1.3.0
      zustand: 3.7.2
    transitivePeerDependencies:
      - '@babel/core'
      - '@babel/template'
      - '@types/react'
      - jotai-devtools
      - jotai-immer
      - jotai-optics
      - jotai-redux
      - jotai-tanstack-query
      - jotai-urql
      - jotai-valtio
      - jotai-xstate
      - jotai-zustand
      - react-native
      - scheduler

  '@udecode/plate-floating@18.15.0':
    dependencies:
      '@floating-ui/react-dom-interactions': 0.6.6
      '@udecode/plate-core': 18.15.0
    transitivePeerDependencies:
      - '@babel/core'
      - '@babel/template'
      - '@types/react'
      - jotai-devtools
      - jotai-immer
      - jotai-optics
      - jotai-redux
      - jotai-tanstack-query
      - jotai-urql
      - jotai-valtio
      - jotai-xstate
      - jotai-zustand
      - react-native
      - scheduler

  '@udecode/plate-styled-components@18.15.0':
    dependencies:
      '@udecode/plate-core': 18.15.0
      clsx: 1.2.1
    transitivePeerDependencies:
      - '@babel/core'
      - '@babel/template'
      - '@types/react'
      - jotai-devtools
      - jotai-immer
      - jotai-optics
      - jotai-redux
      - jotai-tanstack-query
      - jotai-urql
      - jotai-valtio
      - jotai-xstate
      - jotai-zustand
      - react-native
      - scheduler

  '@udecode/plate-table@18.15.0':
    dependencies:
      '@udecode/plate-core': 18.15.0
    transitivePeerDependencies:
      - '@babel/core'
      - '@babel/template'
      - '@types/react'
      - jotai-devtools
      - jotai-immer
      - jotai-optics
      - jotai-redux
      - jotai-tanstack-query
      - jotai-urql
      - jotai-valtio
      - jotai-xstate
      - jotai-zustand
      - react-native
      - scheduler

  '@udecode/plate-ui-button@18.15.0':
    dependencies:
      '@udecode/plate-button': 18.15.0
      '@udecode/plate-core': 18.15.0
      '@udecode/plate-styled-components': 18.15.0
    transitivePeerDependencies:
      - '@babel/core'
      - '@babel/template'
      - '@types/react'
      - jotai-devtools
      - jotai-immer
      - jotai-optics
      - jotai-redux
      - jotai-tanstack-query
      - jotai-urql
      - jotai-valtio
      - jotai-xstate
      - jotai-zustand
      - react-is
      - react-native
      - scheduler

  '@udecode/plate-ui-table@18.15.0':
    dependencies:
      '@udecode/plate-core': 18.15.0
      '@udecode/plate-floating': 18.15.0
      '@udecode/plate-styled-components': 18.15.0
      '@udecode/plate-table': 18.15.0
      '@udecode/plate-ui-button': 18.15.0
      '@udecode/plate-ui-toolbar': 18.15.0
      re-resizable: 6.9.18
    transitivePeerDependencies:
      - '@babel/core'
      - '@babel/template'
      - '@types/react'
      - jotai-devtools
      - jotai-immer
      - jotai-optics
      - jotai-redux
      - jotai-tanstack-query
      - jotai-urql
      - jotai-valtio
      - jotai-xstate
      - jotai-zustand
      - react-is
      - react-native
      - scheduler

  '@udecode/plate-ui-toolbar@18.15.0':
    dependencies:
      '@tippyjs/react': 4.2.6
      '@udecode/plate-core': 18.15.0
      '@udecode/plate-floating': 18.15.0
      '@udecode/plate-styled-components': 18.15.0
      '@udecode/plate-ui-button': 18.15.0
      react-use: 17.5.1
    transitivePeerDependencies:
      - '@babel/core'
      - '@babel/template'
      - '@types/react'
      - jotai-devtools
      - jotai-immer
      - jotai-optics
      - jotai-redux
      - jotai-tanstack-query
      - jotai-urql
      - jotai-valtio
      - jotai-xstate
      - jotai-zustand
      - react-is
      - react-native
      - scheduler

  '@udecode/zustood@1.1.3(zustand@3.7.2)':
    dependencies:
      immer: 9.0.21
      react-tracked: 1.7.14
      zustand: 3.7.2
    transitivePeerDependencies:
      - react
      - react-dom
      - react-native
      - scheduler

  '@xobotyi/scrollbar-width@1.9.5': {}

  aria-hidden@1.2.4:
    dependencies:
      tslib: 2.7.0

  clsx@1.2.1: {}

  copy-to-clipboard@3.3.3:
    dependencies:
      toggle-selection: 1.0.6

  css-in-js-utils@3.1.0:
    dependencies:
      hyphenate-style-name: 1.1.0

  css-tree@1.1.3:
    dependencies:
      mdn-data: 2.0.14
      source-map: 0.6.1

  csstype@3.1.3: {}

  dequal@2.0.3: {}

  error-stack-parser@2.1.4:
    dependencies:
      stackframe: 1.3.4

  fast-deep-equal@3.1.3: {}

  fast-shallow-equal@1.0.0: {}

  fastest-stable-stringify@2.0.2: {}

  hotkeys-js@3.9.4: {}

  hyphenate-style-name@1.1.0: {}

  immer@9.0.21: {}

  inline-style-prefixer@7.0.1:
    dependencies:
      css-in-js-utils: 3.1.0

  jotai@1.13.1: {}

  js-cookie@2.2.1: {}

  lodash@4.17.21: {}

  mdn-data@2.0.14: {}

  nano-css@5.6.2:
    dependencies:
      '@jridgewell/sourcemap-codec': 1.5.0
      css-tree: 1.1.3
      csstype: 3.1.3
      fastest-stable-stringify: 2.0.2
      inline-style-prefixer: 7.0.1
      rtl-css-js: 1.16.1
      stacktrace-js: 2.0.2
      stylis: 4.3.4

  nanoid@3.3.7: {}

  proxy-compare@2.6.0: {}

  re-resizable@6.9.18: {}

  react-hotkeys-hook@3.4.7:
    dependencies:
      hotkeys-js: 3.9.4

  react-tracked@1.7.14:
    dependencies:
      proxy-compare: 2.6.0
      use-context-selector: 1.4.4

  react-universal-interface@0.6.2(tslib@2.7.0):
    dependencies:
      tslib: 2.7.0

  react-use@17.5.1:
    dependencies:
      '@types/js-cookie': 2.2.7
      '@xobotyi/scrollbar-width': 1.9.5
      copy-to-clipboard: 3.3.3
      fast-deep-equal: 3.1.3
      fast-shallow-equal: 1.0.0
      js-cookie: 2.2.1
      nano-css: 5.6.2
      react-universal-interface: 0.6.2(tslib@2.7.0)
      resize-observer-polyfill: 1.5.1
      screenfull: 5.2.0
      set-harmonic-interval: 1.0.1
      throttle-debounce: 3.0.1
      ts-easing: 0.2.0
      tslib: 2.7.0

  regenerator-runtime@0.14.1: {}

  resize-observer-polyfill@1.5.1: {}

  rtl-css-js@1.16.1:
    dependencies:
      '@babel/runtime': 7.25.6

  screenfull@5.2.0: {}

  set-harmonic-interval@1.0.1: {}

  source-map@0.5.6: {}

  source-map@0.6.1: {}

  stack-generator@2.0.10:
    dependencies:
      stackframe: 1.3.4

  stackframe@1.3.4: {}

  stacktrace-gps@3.1.2:
    dependencies:
      source-map: 0.5.6
      stackframe: 1.3.4

  stacktrace-js@2.0.2:
    dependencies:
      error-stack-parser: 2.1.4
      stack-generator: 2.0.10
      stacktrace-gps: 3.1.2

  stylis@4.3.4: {}

  throttle-debounce@3.0.1: {}

  tippy.js@6.3.7:
    dependencies:
      '@popperjs/core': 2.11.8

  toggle-selection@1.0.6: {}

  ts-easing@0.2.0: {}

  tslib@2.7.0: {}

  use-context-selector@1.4.4: {}

  use-deep-compare@1.3.0:
    dependencies:
      dequal: 2.0.3

  use-isomorphic-layout-effect@1.1.2: {}

  zustand@3.7.2: {}
